
Microsoft Visual Studio Solution File, Format Version 12.00
# Visual Studio 2012
Project("{FAE04EC0-301F-11D3-BF4B-00C04F79EFBC}") = "TennisScorer", "TennisScorer\TennisScorer.csproj", "{3AD9A4A5-0590-4A1D-9329-A8C39D08A7D4}"
EndProject
Project("{FAE04EC0-301F-11D3-BF4B-00C04F79EFBC}") = "TennisScorer.Test", "TennisScorer.Test\TennisScorer.Test.csproj", "{70FCDB72-409E-47E4-BDFD-C26BB9CA2E7F}"
EndProject
Global
	GlobalSection(SolutionConfigurationPlatforms) = preSolution
		Debug|Any CPU = Debug|Any CPU
		Release|Any CPU = Release|Any CPU
	EndGlobalSection
	GlobalSection(ProjectConfigurationPlatforms) = postSolution
		{3AD9A4A5-0590-4A1D-9329-A8C39D08A7D4}.Debug|Any CPU.ActiveCfg = Debug|Any CPU
		{3AD9A4A5-0590-4A1D-9329-A8C39D08A7D4}.Debug|Any CPU.Build.0 = Debug|Any CPU
		{3AD9A4A5-0590-4A1D-9329-A8C39D08A7D4}.Release|Any CPU.ActiveCfg = Release|Any CPU
		{3AD9A4A5-0590-4A1D-9329-A8C39D08A7D4}.Release|Any CPU.Build.0 = Release|Any CPU
		{70FCDB72-409E-47E4-BDFD-C26BB9CA2E7F}.Debug|Any CPU.ActiveCfg = Debug|Any CPU
		{70FCDB72-409E-47E4-BDFD-C26BB9CA2E7F}.Debug|Any CPU.Build.0 = Debug|Any CPU
		{70FCDB72-409E-47E4-BDFD-C26BB9CA2E7F}.Release|Any CPU.ActiveCfg = Release|Any CPU
		{70FCDB72-409E-47E4-BDFD-C26BB9CA2E7F}.Release|Any CPU.Build.0 = Release|Any CPU
	EndGlobalSection
	GlobalSection(SolutionProperties) = preSolution
		HideSolutionNode = FALSE
	EndGlobalSection
EndGlobal
